
Microsoft Visual Studio Solution File, Format Version 12.00
# Visual Studio 14
VisualStudioVersion = 14.0.25420.1
MinimumVisualStudioVersion = 10.0.40219.1
Project("{FAE04EC0-301F-11D3-BF4B-00C04F79EFBC}") = "CarRental.Data", "CRA.Data\CarRental.Data.csproj", "{D37FAB39-CA7B-40AC-ADEF-95D17B2AB644}"
EndProject
Project("{FAE04EC0-301F-11D3-BF4B-00C04F79EFBC}") = "CarRental.Dal", "CRA.Dal\CarRental.Dal.csproj", "{8D3E4F1A-EA57-45DA-9293-5D5F149AF8AB}"
EndProject
Project("{FAE04EC0-301F-11D3-BF4B-00C04F79EFBC}") = "CarRental.BL", "CRA.BL\CarRental.BL.csproj", "{4027683C-4997-42A9-9D50-37F27CC46EBC}"
EndProject
Project("{FAE04EC0-301F-11D3-BF4B-00C04F79EFBC}") = "CarRental.MVC", "CRA\CarRental.MVC.csproj", "{7DA2E4D7-C09A-499B-BF83-39FAD8D55D62}"
EndProject
Project("{2150E333-8FDC-42A3-9474-1A3956D46DE8}") = "Solution Items", "Solution Items", "{3A710157-DE3F-4C3D-8E95-0D31DF005DA7}"
	ProjectSection(SolutionItems) = preProject
		פרויקט MVC.docx = פרויקט MVC.docx
	EndProjectSection
EndProject
Global
	GlobalSection(SolutionConfigurationPlatforms) = preSolution
		Debug|Any CPU = Debug|Any CPU
		Release|Any CPU = Release|Any CPU
	EndGlobalSection
	GlobalSection(ProjectConfigurationPlatforms) = postSolution
		{D37FAB39-CA7B-40AC-ADEF-95D17B2AB644}.Debug|Any CPU.ActiveCfg = Debug|Any CPU
		{D37FAB39-CA7B-40AC-ADEF-95D17B2AB644}.Debug|Any CPU.Build.0 = Debug|Any CPU
		{D37FAB39-CA7B-40AC-ADEF-95D17B2AB644}.Release|Any CPU.ActiveCfg = Release|Any CPU
		{D37FAB39-CA7B-40AC-ADEF-95D17B2AB644}.Release|Any CPU.Build.0 = Release|Any CPU
		{8D3E4F1A-EA57-45DA-9293-5D5F149AF8AB}.Debug|Any CPU.ActiveCfg = Debug|Any CPU
		{8D3E4F1A-EA57-45DA-9293-5D5F149AF8AB}.Debug|Any CPU.Build.0 = Debug|Any CPU
		{8D3E4F1A-EA57-45DA-9293-5D5F149AF8AB}.Release|Any CPU.ActiveCfg = Release|Any CPU
		{8D3E4F1A-EA57-45DA-9293-5D5F149AF8AB}.Release|Any CPU.Build.0 = Release|Any CPU
		{4027683C-4997-42A9-9D50-37F27CC46EBC}.Debug|Any CPU.ActiveCfg = Debug|Any CPU
		{4027683C-4997-42A9-9D50-37F27CC46EBC}.Debug|Any CPU.Build.0 = Debug|Any CPU
		{4027683C-4997-42A9-9D50-37F27CC46EBC}.Release|Any CPU.ActiveCfg = Release|Any CPU
		{4027683C-4997-42A9-9D50-37F27CC46EBC}.Release|Any CPU.Build.0 = Release|Any CPU
		{7DA2E4D7-C09A-499B-BF83-39FAD8D55D62}.Debug|Any CPU.ActiveCfg = Debug|Any CPU
		{7DA2E4D7-C09A-499B-BF83-39FAD8D55D62}.Debug|Any CPU.Build.0 = Debug|Any CPU
		{7DA2E4D7-C09A-499B-BF83-39FAD8D55D62}.Release|Any CPU.ActiveCfg = Release|Any CPU
		{7DA2E4D7-C09A-499B-BF83-39FAD8D55D62}.Release|Any CPU.Build.0 = Release|Any CPU
	EndGlobalSection
	GlobalSection(SolutionProperties) = preSolution
		HideSolutionNode = FALSE
	EndGlobalSection
EndGlobal
